
Microsoft Visual Studio Solution File, Format Version 12.00
# Visual Studio Version 17
VisualStudioVersion = 17.9.34723.18
MinimumVisualStudioVersion = 10.0.40219.1
Project("{9A19103F-16F7-4668-BE54-9A1E7A4F7556}") = "UserManagementService", "UserManagementService\UserManagementService.csproj", "{43553251-AD9F-432C-AB39-F138CC484ABB}"
EndProject
Project("{9A19103F-16F7-4668-BE54-9A1E7A4F7556}") = "PatientManagementService", "PatientManagementService\PatientManagementService.csproj", "{2A9B70AA-A322-4E6E-B9C5-D63B7D2A18E2}"
EndProject
Project("{FAE04EC0-301F-11D3-BF4B-00C04F79EFBC}") = "DoctorManagementService", "DoctorManagementService\DoctorManagementService.csproj", "{10CDD8D8-40C2-45F4-8362-1FB88BF8028E}"
EndProject
Global
	GlobalSection(SolutionConfigurationPlatforms) = preSolution
		Debug|Any CPU = Debug|Any CPU
		Release|Any CPU = Release|Any CPU
	EndGlobalSection
	GlobalSection(ProjectConfigurationPlatforms) = postSolution
		{43553251-AD9F-432C-AB39-F138CC484ABB}.Debug|Any CPU.ActiveCfg = Debug|Any CPU
		{43553251-AD9F-432C-AB39-F138CC484ABB}.Debug|Any CPU.Build.0 = Debug|Any CPU
		{43553251-AD9F-432C-AB39-F138CC484ABB}.Release|Any CPU.ActiveCfg = Release|Any CPU
		{43553251-AD9F-432C-AB39-F138CC484ABB}.Release|Any CPU.Build.0 = Release|Any CPU
		{2A9B70AA-A322-4E6E-B9C5-D63B7D2A18E2}.Debug|Any CPU.ActiveCfg = Debug|Any CPU
		{2A9B70AA-A322-4E6E-B9C5-D63B7D2A18E2}.Debug|Any CPU.Build.0 = Debug|Any CPU
		{2A9B70AA-A322-4E6E-B9C5-D63B7D2A18E2}.Release|Any CPU.ActiveCfg = Release|Any CPU
		{2A9B70AA-A322-4E6E-B9C5-D63B7D2A18E2}.Release|Any CPU.Build.0 = Release|Any CPU
		{10CDD8D8-40C2-45F4-8362-1FB88BF8028E}.Debug|Any CPU.ActiveCfg = Debug|Any CPU
		{10CDD8D8-40C2-45F4-8362-1FB88BF8028E}.Debug|Any CPU.Build.0 = Debug|Any CPU
		{10CDD8D8-40C2-45F4-8362-1FB88BF8028E}.Release|Any CPU.ActiveCfg = Release|Any CPU
		{10CDD8D8-40C2-45F4-8362-1FB88BF8028E}.Release|Any CPU.Build.0 = Release|Any CPU
	EndGlobalSection
	GlobalSection(SolutionProperties) = preSolution
		HideSolutionNode = FALSE
	EndGlobalSection
	GlobalSection(ExtensibilityGlobals) = postSolution
		SolutionGuid = {925024C7-6548-4036-9F74-23870E7FF191}
	EndGlobalSection
EndGlobal
